
Microsoft Visual Studio Solution File, Format Version 12.00
# Visual Studio Version 17
VisualStudioVersion = 17.14.36414.22 d17.14
MinimumVisualStudioVersion = 10.0.40219.1
Project("{FAE04EC0-301F-11D3-BF4B-00C04F79EFBC}") = "GestionHuacales", "GestionHuacales\GestionHuacales.csproj", "{FDB58692-09BF-4D21-81DF-0A83A6CC6F8F}"
EndProject
Project("{FAE04EC0-301F-11D3-BF4B-00C04F79EFBC}") = "GestionHuacales.Api9", "GestionHuacales.Api9\GestionHuacales.Api9.csproj", "{1FDB684A-04C8-9A88-19B7-CCAAD8A527E8}"
EndProject
Global
	GlobalSection(SolutionConfigurationPlatforms) = preSolution
		Debug|Any CPU = Debug|Any CPU
		Release|Any CPU = Release|Any CPU
	EndGlobalSection
	GlobalSection(ProjectConfigurationPlatforms) = postSolution
		{FDB58692-09BF-4D21-81DF-0A83A6CC6F8F}.Debug|Any CPU.ActiveCfg = Debug|Any CPU
		{FDB58692-09BF-4D21-81DF-0A83A6CC6F8F}.Debug|Any CPU.Build.0 = Debug|Any CPU
		{FDB58692-09BF-4D21-81DF-0A83A6CC6F8F}.Release|Any CPU.ActiveCfg = Release|Any CPU
		{FDB58692-09BF-4D21-81DF-0A83A6CC6F8F}.Release|Any CPU.Build.0 = Release|Any CPU
		{1FDB684A-04C8-9A88-19B7-CCAAD8A527E8}.Debug|Any CPU.ActiveCfg = Debug|Any CPU
		{1FDB684A-04C8-9A88-19B7-CCAAD8A527E8}.Debug|Any CPU.Build.0 = Debug|Any CPU
		{1FDB684A-04C8-9A88-19B7-CCAAD8A527E8}.Release|Any CPU.ActiveCfg = Release|Any CPU
		{1FDB684A-04C8-9A88-19B7-CCAAD8A527E8}.Release|Any CPU.Build.0 = Release|Any CPU
	EndGlobalSection
	GlobalSection(SolutionProperties) = preSolution
		HideSolutionNode = FALSE
	EndGlobalSection
	GlobalSection(ExtensibilityGlobals) = postSolution
		SolutionGuid = {09E488B3-F463-4792-AC5B-356DD251BD77}
	EndGlobalSection
EndGlobal
